lockfileVersion: '9.0'

settings:
  autoInstallPeers: true
  excludeLinksFromLockfile: false

importers:

  .:
    devDependencies:
      prettier:
        specifier: ^3.2.0
        version: 3.7.4
      turbo:
        specifier: ^2.0.0
        version: 2.7.3

  packages/config:
    devDependencies:
      '@types/node':
        specifier: ^22.0.0
        version: 22.19.3
      typescript:
        specifier: ^5.7.0
        version: 5.9.3

packages:

  '@types/node@22.19.3':
    resolution: {integrity: sha512-1N9SBnWYOJTrNZCdh/yJE+t910Y128BoyY+zBLWhL3r0TYzlTmFdXrPwHL9DyFZmlEXNQQolTZh3KHV31QDhyA==}

  prettier@3.7.4:
    resolution: {integrity: sha512-v6UNi1+3hSlVvv8fSaoUbggEM5VErKmmpGA7Pl3HF8V6uKY7rvClBOJlH6yNwQtfTueNkGVpOv/mtWL9L4bgRA==}
    engines: {node: '>=14'}
    hasBin: true

  turbo-darwin-64@2.7.3:
    resolution: {integrity: sha512-aZHhvRiRHXbJw1EcEAq4aws1hsVVUZ9DPuSFaq9VVFAKCup7niIEwc22glxb7240yYEr1vLafdQ2U294Vcwz+w==}
    cpu: [x64]
    os: [darwin]

  turbo-darwin-arm64@2.7.3:
    resolution: {integrity: sha512-CkVrHSq+Bnhl9sX2LQgqQYVfLTWC2gvI74C4758OmU0djfrssDKU9d4YQF0AYXXhIIRZipSXfxClQziIMD+EAg==}
    cpu: [arm64]
    os: [darwin]

  turbo-linux-64@2.7.3:
    resolution: {integrity: sha512-GqDsCNnzzr89kMaLGpRALyigUklzgxIrSy2pHZVXyifgczvYPnLglex78Aj3T2gu+T3trPPH2iJ+pWucVOCC2Q==}
    cpu: [x64]
    os: [linux]

  turbo-linux-arm64@2.7.3:
    resolution: {integrity: sha512-NdCDTfIcIo3dWjsiaAHlxu5gW61Ed/8maah1IAF/9E3EtX0aAHNiBMbuYLZaR4vRJ7BeVkYB6xKWRtdFLZ0y3g==}
    cpu: [arm64]
    os: [linux]

  turbo-windows-64@2.7.3:
    resolution: {integrity: sha512-7bVvO987daXGSJVYBoG8R4Q+csT1pKIgLJYZevXRQ0Hqw0Vv4mKme/TOjYXs9Qb1xMKh51Tb3bXKDbd8/4G08g==}
    cpu: [x64]
    os: [win32]

  turbo-windows-arm64@2.7.3:
    resolution: {integrity: sha512-nTodweTbPmkvwMu/a55XvjMsPtuyUSC+sV7f/SR57K36rB2I0YG21qNETN+00LOTUW9B3omd8XkiXJkt4kx/cw==}
    cpu: [arm64]
    os: [win32]

  turbo@2.7.3:
    resolution: {integrity: sha512-+HjKlP4OfYk+qzvWNETA3cUO5UuK6b5MSc2UJOKyvBceKucQoQGb2g7HlC2H1GHdkfKrk4YF1VPvROkhVZDDLQ==}
    hasBin: true

  typescript@5.9.3:
    resolution: {integrity: sha512-jl1vZzPDinLr9eUt3J/t7V6FgNEw9QjvBPdysz9KfQDD41fQrC2Y4vKQdiaUpFT4bXlb1RHhLpp8wtm6M5TgSw==}
    engines: {node: '>=14.17'}
    hasBin: true

  undici-types@6.21.0:
    resolution: {integrity: sha512-iwDZqg0QAGrg9Rav5H4n0M64c3mkR59cJ6wQp+7C4nI0gsmExaedaYLNO44eT4AtBBwjbTiGPMlt2Md0T9H9JQ==}

snapshots:

  '@types/node@22.19.3':
    dependencies:
      undici-types: 6.21.0

  prettier@3.7.4: {}

  turbo-darwin-64@2.7.3:
    optional: true

  turbo-darwin-arm64@2.7.3:
    optional: true

  turbo-linux-64@2.7.3:
    optional: true

  turbo-linux-arm64@2.7.3:
    optional: true

  turbo-windows-64@2.7.3:
    optional: true

  turbo-windows-arm64@2.7.3:
    optional: true

  turbo@2.7.3:
    optionalDependencies:
      turbo-darwin-64: 2.7.3
      turbo-darwin-arm64: 2.7.3
      turbo-linux-64: 2.7.3
      turbo-linux-arm64: 2.7.3
      turbo-windows-64: 2.7.3
      turbo-windows-arm64: 2.7.3

  typescript@5.9.3: {}

  undici-types@6.21.0: {}
